{
  "name": "github-packages-sample-app",
  "version": "1.0.0",
  "lockfileVersion": 3,
  "requires": true,
  "packages": {
    "": {
      "name": "github-packages-sample-app",
      "version": "1.0.0",
      "license": "ISC",
      "dependencies": {
        "@genzouw/github-packages-sample-module": "^1.0.0"
      }
    },
    "node_modules/@genzouw/github-packages-sample-module": {
      "version": "1.0.0",
      "resolved": "https://npm.pkg.github.com/download/@genzouw/github-packages-sample-module/1.0.0/a5ff7e21cfadbd717becca18e78fc8fc60691be0",
      "integrity": "sha512-yDTPHHQkIVXWH/f9Foh/ktseACGn3UI/MvrhqsBS1LyO0FlKybdAbDh1LLoQcpuoJxKAv3Cg1VrVbDAPAQcXag=="
    }
  }
}
